{
  "name": "git-rocket",
  "version": "1.0.0",
  "lockfileVersion": 3,
  "requires": true,
  "packages": {
    "": {
      "name": "git-rocket",
      "version": "1.0.0",
      "license": "ISC",
      "dependencies": {
        "asciify": "^1.3.5"
      }
    },
    "node_modules/ansi-styles": {
      "version": "0.2.0",
      "resolved": "https://registry.npmjs.org/ansi-styles/-/ansi-styles-0.2.0.tgz",
      "integrity": "sha512-YyQBeLj0juxUC9uUXRpQ1ZAzPT1dnsn5vVeJLHYFq4Ct1p0rymUSyvckKCXCH9I0bh3jWDIETA5nXIaZVKlDyA==",
      "license": "MIT",
      "engines": {
        "node": ">=0.8.0"
      }
    },
    "node_modules/asciify": {
      "version": "1.3.5",
      "resolved": "https://registry.npmjs.org/asciify/-/asciify-1.3.5.tgz",
      "integrity": "sha512-GCjN9oM767uDVxB8ObgFbjmiClKk7OdhtgspOZIviIPO3JkSSGT6o0V3EVUya/y1xMANrgo0hseBg01njhzNug==",
      "license": "BSD",
      "dependencies": {
        "chalk": "~0.3.0",
        "optimist": "~0.6.0",
        "pad": "0.0.4"
      },
      "bin": {
        "asciify": "bin/asciify.js"
      }
    },
    "node_modules/chalk": {
      "version": "0.3.0",
      "resolved": "https://registry.npmjs.org/chalk/-/chalk-0.3.0.tgz",
      "integrity": "sha512-OcfgS16PHpCu2Q4TNMtk0aZNx8PyeNiiB+6AgGH91fhT9hJ3v6pIIJ3lxlaOEDHlTm8t3wDe6bDGamvtIokQTg==",
      "license": "MIT",
      "dependencies": {
        "ansi-styles": "~0.2.0",
        "has-color": "~0.1.0"
      },
      "engines": {
        "node": ">=0.8.0"
      }
    },
    "node_modules/has-color": {
      "version": "0.1.7",
      "resolved": "https://registry.npmjs.org/has-color/-/has-color-0.1.7.tgz",
      "integrity": "sha512-kaNz5OTAYYmt646Hkqw50/qyxP2vFnTVu5AQ1Zmk22Kk5+4Qx6BpO8+u7IKsML5fOsFk0ZT0AcCJNYwcvaLBvw==",
      "license": "MIT",
      "engines": {
        "node": ">=0.10.0"
      }
    },
    "node_modules/minimist": {
      "version": "0.0.10",
      "resolved": "https://registry.npmjs.org/minimist/-/minimist-0.0.10.tgz",
      "integrity": "sha512-iotkTvxc+TwOm5Ieim8VnSNvCDjCK9S8G3scJ50ZthspSxa7jx50jkhYduuAtAjvfDUwSgOwf8+If99AlOEhyw==",
      "license": "MIT"
    },
    "node_modules/optimist": {
      "version": "0.6.1",
      "resolved": "https://registry.npmjs.org/optimist/-/optimist-0.6.1.tgz",
      "integrity": "sha512-snN4O4TkigujZphWLN0E//nQmm7790RYaE53DdL7ZYwee2D8DDo9/EyYiKUfN3rneWUjhJnueija3G9I2i0h3g==",
      "license": "MIT/X11",
      "dependencies": {
        "minimist": "~0.0.1",
        "wordwrap": "~0.0.2"
      }
    },
    "node_modules/pad": {
      "version": "0.0.4",
      "resolved": "https://registry.npmjs.org/pad/-/pad-0.0.4.tgz",
      "integrity": "sha512-xsxV/652KGKcwNDbqNh+zyy7DUCvoDhLXIB52DTjHgHwD8TmNcm85ry1wl4tDVpxXTaxhpS3rtow1Hxgll+img==",
      "engines": {
        "node": ">= 0.4.0"
      }
    },
    "node_modules/wordwrap": {
      "version": "0.0.3",
      "resolved": "https://registry.npmjs.org/wordwrap/-/wordwrap-0.0.3.tgz",
      "integrity": "sha512-1tMA907+V4QmxV7dbRvb4/8MaRALK6q9Abid3ndMYnbyo8piisCmeONVqVSXqQA3KaP4SLt5b7ud6E2sqP8TFw==",
      "license": "MIT",
      "engines": {
        "node": ">=0.4.0"
      }
    }
  }
}
